# THIS IS AN AUTOGENERATED FILE. DO NOT EDIT THIS FILE DIRECTLY.
# yarn lockfile v1


bluebird@~3.5.0:
  version "3.5.5"
  resolved "https://registry.yarnpkg.com/bluebird/-/bluebird-3.5.5.tgz#a8d0afd73251effbbd5fe384a77d73003c17a71f"
  integrity sha512-5am6HnnfN+urzt4yfg7IgTbotDjIT/u8AJpEt0sIU9FtXfVeezXAPKswrG+xKUCOYAINpSdgZVDU6QFh+cuH3w==

collections@^5.1.3, collections@~5.1.x:
  version "5.1.12"
  resolved "https://registry.yarnpkg.com/collections/-/collections-5.1.12.tgz#270f6c26ddc2930734ae6cc19ad4e8fb412af739"
  integrity sha512-7WV0gdGlQFHjB//+/5JW4CdMnOlf7fWMMeM3EWvuao7RbK0MeFS01bZOgWmIH5DHDejSutf455QUZ56ZjjROXw==
  dependencies:
    weak-map "~1.0.x"

core-util-is@~1.0.0:
  version "1.0.2"
  resolved "https://registry.yarnpkg.com/core-util-is/-/core-util-is-1.0.2.tgz#b5fd54220aa2bc5ab57aab7140c940754503c1a7"
  integrity sha1-tf1UIgqivFq1eqtxQMlAdUUDwac=

d@1, d@^1.0.1:
  version "1.0.1"
  resolved "https://registry.yarnpkg.com/d/-/d-1.0.1.tgz#8698095372d58dbee346ffd0c7093f99f8f9eb5a"
  integrity sha512-m62ShEObQ39CfralilEQRjH6oAMtNCV1xJyEx5LpRYUVN+EviphDgUc/F3hnYbADmkiNs67Y+3ylmlG7Lnu+FA==
  dependencies:
    es5-ext "^0.10.50"
    type "^1.0.1"

domelementtype@1:
  version "1.3.1"
  resolved "https://registry.yarnpkg.com/domelementtype/-/domelementtype-1.3.1.tgz#d048c44b37b0d10a7f2a3d5fee3f4333d790481f"
  integrity sha512-BSKB+TSpMpFI/HOxCNr1O8aMOTZ8hT3pM3GQ0w/mWRmkhEDSFJkkyzz4XQsBV44BChwGkrDfMyjVD0eA2aFV3w==

domhandler@2.0:
  version "2.0.3"
  resolved "https://registry.yarnpkg.com/domhandler/-/domhandler-2.0.3.tgz#889f8df626403af0788e29d66d5d5c6f7ebf0fd6"
  integrity sha1-iJ+N9iZAOvB4jinWbV1cb36/D9Y=
  dependencies:
    domelementtype "1"

domutils@1.1:
  version "1.1.6"
  resolved "https://registry.yarnpkg.com/domutils/-/domutils-1.1.6.tgz#bddc3de099b9a2efacc51c623f28f416ecc57485"
  integrity sha1-vdw94Jm5ou+sxRxiPyj0FuzFdIU=
  dependencies:
    domelementtype "1"

es5-ext@^0.10.35, es5-ext@^0.10.50, es5-ext@~0.10.14:
  version "0.10.53"
  resolved "https://registry.yarnpkg.com/es5-ext/-/es5-ext-0.10.53.tgz#93c5a3acfdbef275220ad72644ad02ee18368de1"
  integrity sha512-Xs2Stw6NiNHWypzRTY1MtaG/uJlwCk8kH81920ma8mvN8Xq1gsfhZvpkImLQArw8AHnv8MT2I45J3c0R8slE+Q==
  dependencies:
    es6-iterator "~2.0.3"
    es6-symbol "~3.1.3"
    next-tick "~1.0.0"

es6-iterator@~2.0.1, es6-iterator@~2.0.3:
  version "2.0.3"
  resolved "https://registry.yarnpkg.com/es6-iterator/-/es6-iterator-2.0.3.tgz#a7de889141a05a94b0854403b2d0a0fbfa98f3b7"
  integrity sha1-p96IkUGgWpSwhUQDstCg+/qY87c=
  dependencies:
    d "1"
    es5-ext "^0.10.35"
    es6-symbol "^3.1.1"

es6-set@^0.1.1:
  version "0.1.5"
  resolved "https://registry.yarnpkg.com/es6-set/-/es6-set-0.1.5.tgz#d2b3ec5d4d800ced818db538d28974db0a73ccb1"
  integrity sha1-0rPsXU2ADO2BjbU40ol02wpzzLE=
  dependencies:
    d "1"
    es5-ext "~0.10.14"
    es6-iterator "~2.0.1"
    es6-symbol "3.1.1"
    event-emitter "~0.3.5"

es6-symbol@3.1.1:
  version "3.1.1"
  resolved "https://registry.yarnpkg.com/es6-symbol/-/es6-symbol-3.1.1.tgz#bf00ef4fdab6ba1b46ecb7b629b4c7ed5715cc77"
  integrity sha1-vwDvT9q2uhtG7Le2KbTH7VcVzHc=
  dependencies:
    d "1"
    es5-ext "~0.10.14"

es6-symbol@^3.1.1, es6-symbol@~3.1.3:
  version "3.1.3"
  resolved "https://registry.yarnpkg.com/es6-symbol/-/es6-symbol-3.1.3.tgz#bad5d3c1bcdac28269f4cb331e431c78ac705d18"
  integrity sha512-NJ6Yn3FuDinBaBRWl/q5X/s4koRHBrgKAu+yGI6JCBeiu3qrcbJhwT2GeR/EXVfylRk8dpQVJoLEFhK+Mu31NA==
  dependencies:
    d "^1.0.1"
    ext "^1.1.2"

event-emitter@~0.3.5:
  version "0.3.5"
  resolved "https://registry.yarnpkg.com/event-emitter/-/event-emitter-0.3.5.tgz#df8c69eef1647923c7157b9ce83840610b02cc39"
  integrity sha1-34xp7vFkeSPHFXuc6DhAYQsCzDk=
  dependencies:
    d "1"
    es5-ext "~0.10.14"

ext@^1.1.2:
  version "1.4.0"
  resolved "https://registry.yarnpkg.com/ext/-/ext-1.4.0.tgz#89ae7a07158f79d35517882904324077e4379244"
  integrity sha512-Key5NIsUxdqKg3vIsdw9dSuXpPCQ297y6wBjL30edxwPgt2E44WcWBZey/ZvUc6sERLTxKdyCu4gZFmUbk1Q7A==
  dependencies:
    type "^2.0.0"

frb@~4.0.x:
  version "4.0.3"
  resolved "https://registry.yarnpkg.com/frb/-/frb-4.0.3.tgz#1db827c1fbf8986fe5468a7467b353e5c3fabb4c"
  integrity sha1-Hbgnwfv4mG/lRop0Z7NT5cP6u0w=
  dependencies:
    collections "^5.1.3"

htmlparser2@~3.0.5:
  version "3.0.5"
  resolved "https://registry.yarnpkg.com/htmlparser2/-/htmlparser2-3.0.5.tgz#7f30608cb7809f35ff7c6dd80e29c247aa7daf5f"
  integrity sha1-fzBgjLeAnzX/fG3YDinCR6p9r18=
  dependencies:
    domelementtype "1"
    domhandler "2.0"
    domutils "1.1"
    readable-stream "1.0"

inherits@~2.0.1:
  version "2.0.4"
  resolved "https://registry.yarnpkg.com/inherits/-/inherits-2.0.4.tgz#0fa2c64f932917c3433a0ded55363aae37416b7c"
  integrity sha512-k/vGaX4/Yla3WzyMCvTQOXYeIHvqOKtnqBduzTHpzpQZzAskKMhZ2K+EnBiSM9zGSoIFeMpXKxa4dYeZIQqewQ==

isarray@0.0.1:
  version "0.0.1"
  resolved "https://registry.yarnpkg.com/isarray/-/isarray-0.0.1.tgz#8a18acfca9a8f4177e09abfc6038939b05d1eedf"
  integrity sha1-ihis/Kmo9Bd+Cav8YDiTmwXR7t8=

"js-tokens@^3.0.0 || ^4.0.0":
  version "4.0.0"
  resolved "https://registry.yarnpkg.com/js-tokens/-/js-tokens-4.0.0.tgz#19203fb59991df98e3a287050d4647cdeaf32499"
  integrity sha512-RdJUflcE3cUzKiMqQgsCu06FPu9UdIJO0beYbPhHN4k6apgJtifcoCtT9bcxOpYBtpD2kCM6Sbzg4CausW/PKQ==

lodash.camelcase@^4.3.0:
  version "4.3.0"
  resolved "https://registry.yarnpkg.com/lodash.camelcase/-/lodash.camelcase-4.3.0.tgz#b28aa6288a2b9fc651035c7711f65ab6190331a6"
  integrity sha1-soqmKIorn8ZRA1x3EfZathkDMaY=

lodash.kebabcase@^4.1.1:
  version "4.1.1"
  resolved "https://registry.yarnpkg.com/lodash.kebabcase/-/lodash.kebabcase-4.1.1.tgz#8489b1cb0d29ff88195cceca448ff6d6cc295c36"
  integrity sha1-hImxyw0p/4gZXM7KRI/21swpXDY=

lodash.snakecase@^4.1.1:
  version "4.1.1"
  resolved "https://registry.yarnpkg.com/lodash.snakecase/-/lodash.snakecase-4.1.1.tgz#39d714a35357147837aefd64b5dcbb16becd8f8d"
  integrity sha1-OdcUo1NXFHg3rv1ktdy7Fr7Nj40=

lodash.trim@^4.5.1:
  version "4.5.1"
  resolved "https://registry.yarnpkg.com/lodash.trim/-/lodash.trim-4.5.1.tgz#36425e7ee90be4aa5e27bcebb85b7d11ea47aa57"
  integrity sha1-NkJefukL5KpeJ7zruFt9EepHqlc=

loose-envify@^1.1.0:
  version "1.4.0"
  resolved "https://registry.yarnpkg.com/loose-envify/-/loose-envify-1.4.0.tgz#71ee51fa7be4caec1a63839f7e682d8132d30caf"
  integrity sha512-lyuxPGr/Wfhrlem2CL/UcnUc1zcqKAImBDzukY7Y5F/yQiNdko6+fRLevlw1HgMySw7f611UIY408EtxRSoK3Q==
  dependencies:
    js-tokens "^3.0.0 || ^4.0.0"

mime@^1.2.11:
  version "1.6.0"
  resolved "https://registry.yarnpkg.com/mime/-/mime-1.6.0.tgz#32cd9e5c64553bd58d19a568af452acff04981b1"
  integrity sha512-x0Vn8spI+wuJ1O6S7gnbaQg8Pxh4NNHb7KSINmEWKiPE4RKOplvijn+NkmYmmRgP68mc70j2EbeTFRsrswaQeg==

mimeparse@^0.1.4:
  version "0.1.4"
  resolved "https://registry.yarnpkg.com/mimeparse/-/mimeparse-0.1.4.tgz#dafb02752370fd226093ae3152c271af01ac254a"
  integrity sha1-2vsCdSNw/SJgk64xUsJxrwGsJUo=

montage@>=16.0.4:
  version "17.2.2"
  resolved "https://registry.yarnpkg.com/montage/-/montage-17.2.2.tgz#a42dfadf3b2c5c28b531a3b041d6b05274481aff"
  integrity sha512-YITyDIFh2hRFMU2KJDmprqKhEx0l/bfIIJEGxeLI08GLytDnf2WY+jOfSKmCOuePQF/GhCTyDE7T5wDz2i6OOA==
  dependencies:
    bluebird "~3.5.0"
    collections "~5.1.x"
    frb "~4.0.x"
    htmlparser2 "~3.0.5"
    lodash.camelcase "^4.3.0"
    lodash.kebabcase "^4.1.1"
    lodash.snakecase "^4.1.1"
    lodash.trim "^4.5.1"
    mr "^17.0.11"
    proxy-polyfill "~0.1.7"
    q-io "^1.13.3"
    weak-map "^1.0.5"

mr@^17.0.11:
  version "17.0.14"
  resolved "https://registry.yarnpkg.com/mr/-/mr-17.0.14.tgz#7057cab7295347bb9e926fd3863e03f6d67f8491"
  integrity sha512-ADXntqwl7wStHsrFLJnoOt69Gv42lxuoccR0V/6fy1sLJDtH4beoA+YwOWQHNQ7kCF7lOCJaW8cBACdTy3qzUA==
  dependencies:
    bluebird "~3.5.0"

native@^0.3.3:
  version "0.3.3"
  resolved "https://registry.yarnpkg.com/native/-/native-0.3.3.tgz#474366df95ac541f3eddfb3eaa5422eb4a773667"
  integrity sha1-R0Nm35WsVB8+3fs+qlQi60p3Nmc=
  dependencies:
    montage ">=16.0.4"

next-tick@~1.0.0:
  version "1.0.0"
  resolved "https://registry.yarnpkg.com/next-tick/-/next-tick-1.0.0.tgz#ca86d1fe8828169b0120208e3dc8424b9db8342c"
  integrity sha1-yobR/ogoFpsBICCOPchCS524NCw=

object-assign@^4.1.1:
  version "4.1.1"
  resolved "https://registry.yarnpkg.com/object-assign/-/object-assign-4.1.1.tgz#2109adc7965887cfc05cbbd442cac8bfbb360863"
  integrity sha1-IQmtx5ZYh8/AXLvUQsrIv7s2CGM=

proxy-polyfill@~0.1.7:
  version "0.1.7"
  resolved "https://registry.yarnpkg.com/proxy-polyfill/-/proxy-polyfill-0.1.7.tgz#1c06fe10b0b606e79268e14d4528952e64036d39"
  integrity sha1-HAb+ELC2BueSaOFNRSiVLmQDbTk=

q-io@^1.13.3:
  version "1.13.6"
  resolved "https://registry.yarnpkg.com/q-io/-/q-io-1.13.6.tgz#0450bdb39e087cb89a5fd4a41637ea3347c98538"
  integrity sha1-BFC9s54IfLiaX9SkFjfqM0fJhTg=
  dependencies:
    es6-set "^0.1.1"
    mime "^1.2.11"
    mimeparse "^0.1.4"
    q "^1.0.1"
    qs "^1.2.1"
    url2 "^0.0.0"

q@^1.0.1:
  version "1.5.1"
  resolved "https://registry.yarnpkg.com/q/-/q-1.5.1.tgz#7e32f75b41381291d04611f1bf14109ac00651d7"
  integrity sha1-fjL3W0E4EpHQRhHxvxQQmsAGUdc=

qs@^1.2.1:
  version "1.2.2"
  resolved "https://registry.yarnpkg.com/qs/-/qs-1.2.2.tgz#19b57ff24dc2a99ce1f8bdf6afcda59f8ef61f88"
  integrity sha1-GbV/8k3CqZzh+L32r82ln472H4g=

react@^17.0.2:
  version "17.0.2"
  resolved "https://registry.yarnpkg.com/react/-/react-17.0.2.tgz#d0b5cc516d29eb3eee383f75b62864cfb6800037"
  integrity sha512-gnhPt75i/dq/z3/6q/0asP78D0u592D5L1pd7M8P+dck6Fu/jJeL6iVVK23fptSUZj8Vjf++7wXA8UNclGQcbA==
  dependencies:
    loose-envify "^1.1.0"
    object-assign "^4.1.1"

readable-stream@1.0:
  version "1.0.34"
  resolved "https://registry.yarnpkg.com/readable-stream/-/readable-stream-1.0.34.tgz#125820e34bc842d2f2aaafafe4c2916ee32c157c"
  integrity sha1-Elgg40vIQtLyqq+v5MKRbuMsFXw=
  dependencies:
    core-util-is "~1.0.0"
    inherits "~2.0.1"
    isarray "0.0.1"
    string_decoder "~0.10.x"

string_decoder@~0.10.x:
  version "0.10.31"
  resolved "https://registry.yarnpkg.com/string_decoder/-/string_decoder-0.10.31.tgz#62e203bc41766c6c28c9fc84301dab1c5310fa94"
  integrity sha1-YuIDvEF2bGwoyfyEMB2rHFMQ+pQ=

type@^1.0.1:
  version "1.2.0"
  resolved "https://registry.yarnpkg.com/type/-/type-1.2.0.tgz#848dd7698dafa3e54a6c479e759c4bc3f18847a0"
  integrity sha512-+5nt5AAniqsCnu2cEQQdpzCAh33kVx8n0VoFidKpB1dVVLAN/F+bgVOqOJqOnEnrhp222clB5p3vUlD+1QAnfg==

type@^2.0.0:
  version "2.5.0"
  resolved "https://registry.yarnpkg.com/type/-/type-2.5.0.tgz#0a2e78c2e77907b252abe5f298c1b01c63f0db3d"
  integrity sha512-180WMDQaIMm3+7hGXWf12GtdniDEy7nYcyFMKJn/eZz/6tSLXrUN9V0wKSbMjej0I1WHWbpREDEKHtqPQa9NNw==

url2@^0.0.0:
  version "0.0.0"
  resolved "https://registry.yarnpkg.com/url2/-/url2-0.0.0.tgz#4eaabd1d5c3ac90d62ab4485c998422865a04b1a"
  integrity sha1-Tqq9HVw6yQ1iq0SFyZhCKGWgSxo=

weak-map@^1.0.5, weak-map@~1.0.x:
  version "1.0.5"
  resolved "https://registry.yarnpkg.com/weak-map/-/weak-map-1.0.5.tgz#79691584d98607f5070bd3b70a40e6bb22e401eb"
  integrity sha1-eWkVhNmGB/UHC9O3CkDmuyLkAes=
